
Microsoft Visual Studio Solution File, Format Version 12.00
# Visual Studio Version 16
VisualStudioVersion = 16.0.32413.511
MinimumVisualStudioVersion = 10.0.40219.1
Project("{2150E333-8FDC-42A3-9474-1A3956D46DE8}") = "src", "src", "{F00281C9-7F3D-49F9-B441-66F606641485}"
EndProject
Project("{2150E333-8FDC-42A3-9474-1A3956D46DE8}") = "tests", "tests", "{D78F08BB-3BF3-4270-96AD-3D2D3B044892}"
EndProject
Project("{2150E333-8FDC-42A3-9474-1A3956D46DE8}") = "API", "API", "{4CA4DC35-EB33-474C-9C7A-516151BD308F}"
EndProject
Project("{2150E333-8FDC-42A3-9474-1A3956D46DE8}") = "Domain", "Domain", "{9127A531-D1FB-4C58-8A62-1AFBAA73810B}"
EndProject
Project("{2150E333-8FDC-42A3-9474-1A3956D46DE8}") = "Infrastructure", "Infrastructure", "{EFA47826-EF59-45FC-AF89-7E51008E11C6}"
EndProject
Project("{9A19103F-16F7-4668-BE54-9A1E7A4F7556}") = "Cadastros.API", "Cadastros.API\Cadastros.API.csproj", "{9E22F52B-F235-40E5-B534-4FA4AF5F1977}"
EndProject
Project("{9A19103F-16F7-4668-BE54-9A1E7A4F7556}") = "Vendas.Domain", "Vendas.Domain\Vendas.Domain.csproj", "{FD5A7E9C-56A5-4FBA-9AB0-E039911090E1}"
EndProject
Project("{9A19103F-16F7-4668-BE54-9A1E7A4F7556}") = "Vendas.Infrastructure", "Vendas.Infrastructure\Vendas.Infrastructure.csproj", "{68D75A42-88F7-4934-8308-158966FD1945}"
EndProject
Project("{9A19103F-16F7-4668-BE54-9A1E7A4F7556}") = "Vendas.Infrastructure.Cross", "Vendas.Infrastructure.Cross\Vendas.Infrastructure.Cross.csproj", "{AFE6452C-E33C-4BFA-BA63-742F978CC74B}"
EndProject
Project("{E53339B2-1760-4266-BCC7-CA923CBCF16C}") = "docker-compose", "docker-compose.dcproj", "{BB9964DF-E266-4210-8257-1A19C380E063}"
EndProject
Project("{9A19103F-16F7-4668-BE54-9A1E7A4F7556}") = "Precos.API", "Precos.API\Precos.API.csproj", "{1F2395F1-A1A0-4DE8-B19F-2B37624729B9}"
EndProject
Project("{9A19103F-16F7-4668-BE54-9A1E7A4F7556}") = "Relatorios.API", "Relatorios.API\Relatorios.API.csproj", "{C14FB409-A528-47D7-8355-32270003813D}"
EndProject
Project("{2150E333-8FDC-42A3-9474-1A3956D46DE8}") = "Workers", "Workers", "{EBAC26C7-D737-45EA-B6A1-E20842CAFDFC}"
EndProject
Project("{9A19103F-16F7-4668-BE54-9A1E7A4F7556}") = "Pedidos.API", "Pedidos.API\Pedidos.API.csproj", "{D8F4AB39-80B6-4BB0-BD09-FDA592A120D5}"
EndProject
Project("{9A19103F-16F7-4668-BE54-9A1E7A4F7556}") = "Vendas.EventBus", "Vendas.EventBus\Vendas.EventBus.csproj", "{E6186943-D842-4219-AB58-F2C9858439ED}"
EndProject
Project("{9A19103F-16F7-4668-BE54-9A1E7A4F7556}") = "Notificacoes.Worker", "Notificacoes.Worker\Notificacoes.Worker.csproj", "{F3DFA89E-207B-4F8D-A5C4-CEF402E5E032}"
EndProject
Global
	GlobalSection(SolutionConfigurationPlatforms) = preSolution
		Debug|Any CPU = Debug|Any CPU
		Release|Any CPU = Release|Any CPU
	EndGlobalSection
	GlobalSection(ProjectConfigurationPlatforms) = postSolution
		{9E22F52B-F235-40E5-B534-4FA4AF5F1977}.Debug|Any CPU.ActiveCfg = Debug|Any CPU
		{9E22F52B-F235-40E5-B534-4FA4AF5F1977}.Debug|Any CPU.Build.0 = Debug|Any CPU
		{9E22F52B-F235-40E5-B534-4FA4AF5F1977}.Release|Any CPU.ActiveCfg = Release|Any CPU
		{9E22F52B-F235-40E5-B534-4FA4AF5F1977}.Release|Any CPU.Build.0 = Release|Any CPU
		{FD5A7E9C-56A5-4FBA-9AB0-E039911090E1}.Debug|Any CPU.ActiveCfg = Debug|Any CPU
		{FD5A7E9C-56A5-4FBA-9AB0-E039911090E1}.Debug|Any CPU.Build.0 = Debug|Any CPU
		{FD5A7E9C-56A5-4FBA-9AB0-E039911090E1}.Release|Any CPU.ActiveCfg = Release|Any CPU
		{FD5A7E9C-56A5-4FBA-9AB0-E039911090E1}.Release|Any CPU.Build.0 = Release|Any CPU
		{68D75A42-88F7-4934-8308-158966FD1945}.Debug|Any CPU.ActiveCfg = Debug|Any CPU
		{68D75A42-88F7-4934-8308-158966FD1945}.Debug|Any CPU.Build.0 = Debug|Any CPU
		{68D75A42-88F7-4934-8308-158966FD1945}.Release|Any CPU.ActiveCfg = Release|Any CPU
		{68D75A42-88F7-4934-8308-158966FD1945}.Release|Any CPU.Build.0 = Release|Any CPU
		{AFE6452C-E33C-4BFA-BA63-742F978CC74B}.Debug|Any CPU.ActiveCfg = Debug|Any CPU
		{AFE6452C-E33C-4BFA-BA63-742F978CC74B}.Debug|Any CPU.Build.0 = Debug|Any CPU
		{AFE6452C-E33C-4BFA-BA63-742F978CC74B}.Release|Any CPU.ActiveCfg = Release|Any CPU
		{AFE6452C-E33C-4BFA-BA63-742F978CC74B}.Release|Any CPU.Build.0 = Release|Any CPU
		{BB9964DF-E266-4210-8257-1A19C380E063}.Debug|Any CPU.ActiveCfg = Debug|Any CPU
		{BB9964DF-E266-4210-8257-1A19C380E063}.Debug|Any CPU.Build.0 = Debug|Any CPU
		{BB9964DF-E266-4210-8257-1A19C380E063}.Release|Any CPU.ActiveCfg = Release|Any CPU
		{BB9964DF-E266-4210-8257-1A19C380E063}.Release|Any CPU.Build.0 = Release|Any CPU
		{1F2395F1-A1A0-4DE8-B19F-2B37624729B9}.Debug|Any CPU.ActiveCfg = Debug|Any CPU
		{1F2395F1-A1A0-4DE8-B19F-2B37624729B9}.Debug|Any CPU.Build.0 = Debug|Any CPU
		{1F2395F1-A1A0-4DE8-B19F-2B37624729B9}.Release|Any CPU.ActiveCfg = Release|Any CPU
		{1F2395F1-A1A0-4DE8-B19F-2B37624729B9}.Release|Any CPU.Build.0 = Release|Any CPU
		{C14FB409-A528-47D7-8355-32270003813D}.Debug|Any CPU.ActiveCfg = Debug|Any CPU
		{C14FB409-A528-47D7-8355-32270003813D}.Debug|Any CPU.Build.0 = Debug|Any CPU
		{C14FB409-A528-47D7-8355-32270003813D}.Release|Any CPU.ActiveCfg = Release|Any CPU
		{C14FB409-A528-47D7-8355-32270003813D}.Release|Any CPU.Build.0 = Release|Any CPU
		{D8F4AB39-80B6-4BB0-BD09-FDA592A120D5}.Debug|Any CPU.ActiveCfg = Debug|Any CPU
		{D8F4AB39-80B6-4BB0-BD09-FDA592A120D5}.Debug|Any CPU.Build.0 = Debug|Any CPU
		{D8F4AB39-80B6-4BB0-BD09-FDA592A120D5}.Release|Any CPU.ActiveCfg = Release|Any CPU
		{D8F4AB39-80B6-4BB0-BD09-FDA592A120D5}.Release|Any CPU.Build.0 = Release|Any CPU
		{E6186943-D842-4219-AB58-F2C9858439ED}.Debug|Any CPU.ActiveCfg = Debug|Any CPU
		{E6186943-D842-4219-AB58-F2C9858439ED}.Debug|Any CPU.Build.0 = Debug|Any CPU
		{E6186943-D842-4219-AB58-F2C9858439ED}.Release|Any CPU.ActiveCfg = Release|Any CPU
		{E6186943-D842-4219-AB58-F2C9858439ED}.Release|Any CPU.Build.0 = Release|Any CPU
		{F3DFA89E-207B-4F8D-A5C4-CEF402E5E032}.Debug|Any CPU.ActiveCfg = Debug|Any CPU
		{F3DFA89E-207B-4F8D-A5C4-CEF402E5E032}.Debug|Any CPU.Build.0 = Debug|Any CPU
		{F3DFA89E-207B-4F8D-A5C4-CEF402E5E032}.Release|Any CPU.ActiveCfg = Release|Any CPU
		{F3DFA89E-207B-4F8D-A5C4-CEF402E5E032}.Release|Any CPU.Build.0 = Release|Any CPU
	EndGlobalSection
	GlobalSection(SolutionProperties) = preSolution
		HideSolutionNode = FALSE
	EndGlobalSection
	GlobalSection(NestedProjects) = preSolution
		{4CA4DC35-EB33-474C-9C7A-516151BD308F} = {F00281C9-7F3D-49F9-B441-66F606641485}
		{9127A531-D1FB-4C58-8A62-1AFBAA73810B} = {F00281C9-7F3D-49F9-B441-66F606641485}
		{EFA47826-EF59-45FC-AF89-7E51008E11C6} = {F00281C9-7F3D-49F9-B441-66F606641485}
		{9E22F52B-F235-40E5-B534-4FA4AF5F1977} = {4CA4DC35-EB33-474C-9C7A-516151BD308F}
		{FD5A7E9C-56A5-4FBA-9AB0-E039911090E1} = {9127A531-D1FB-4C58-8A62-1AFBAA73810B}
		{68D75A42-88F7-4934-8308-158966FD1945} = {EFA47826-EF59-45FC-AF89-7E51008E11C6}
		{AFE6452C-E33C-4BFA-BA63-742F978CC74B} = {EFA47826-EF59-45FC-AF89-7E51008E11C6}
		{1F2395F1-A1A0-4DE8-B19F-2B37624729B9} = {4CA4DC35-EB33-474C-9C7A-516151BD308F}
		{C14FB409-A528-47D7-8355-32270003813D} = {4CA4DC35-EB33-474C-9C7A-516151BD308F}
		{EBAC26C7-D737-45EA-B6A1-E20842CAFDFC} = {F00281C9-7F3D-49F9-B441-66F606641485}
		{D8F4AB39-80B6-4BB0-BD09-FDA592A120D5} = {4CA4DC35-EB33-474C-9C7A-516151BD308F}
		{E6186943-D842-4219-AB58-F2C9858439ED} = {EFA47826-EF59-45FC-AF89-7E51008E11C6}
		{F3DFA89E-207B-4F8D-A5C4-CEF402E5E032} = {EBAC26C7-D737-45EA-B6A1-E20842CAFDFC}
	EndGlobalSection
	GlobalSection(ExtensibilityGlobals) = postSolution
		SolutionGuid = {1365D7A6-A946-4B99-A7FF-E451EA9AB47C}
	EndGlobalSection
EndGlobal
